
Microsoft Visual Studio Solution File, Format Version 12.00
# Visual Studio Version 16
VisualStudioVersion = 16.0.31025.194
MinimumVisualStudioVersion = 10.0.40219.1
Project("{9A19103F-16F7-4668-BE54-9A1E7A4F7556}") = "Business", "Business\Business.csproj", "{40113EE9-8BA1-415A-8581-533BE7395C47}"
EndProject
Project("{9A19103F-16F7-4668-BE54-9A1E7A4F7556}") = "Entities", "Entities\Entities.csproj", "{98A88C29-B0CB-438D-8B35-75B57DA66343}"
EndProject
Project("{9A19103F-16F7-4668-BE54-9A1E7A4F7556}") = "DataAccess", "DataAccess\DataAccess.csproj", "{A67FD77C-9260-43BC-AF5C-034C2E08BDBC}"
EndProject
Project("{9A19103F-16F7-4668-BE54-9A1E7A4F7556}") = "Core", "Core\Core.csproj", "{1B847DE1-0C20-45A6-91C2-F0681CD2196F}"
EndProject
Project("{9A19103F-16F7-4668-BE54-9A1E7A4F7556}") = "ConsoleUI", "ConsoleUI\ConsoleUI.csproj", "{2CA5084D-3F8C-47A3-8DF1-479ACEABBC9F}"
EndProject
Project("{FAE04EC0-301F-11D3-BF4B-00C04F79EFBC}") = "WebAPI", "WebAPI\WebAPI.csproj", "{5627ACB5-2F84-4FE3-A87E-F50F0AFC2C98}"
EndProject
Global
	GlobalSection(SolutionConfigurationPlatforms) = preSolution
		Debug|Any CPU = Debug|Any CPU
		Release|Any CPU = Release|Any CPU
	EndGlobalSection
	GlobalSection(ProjectConfigurationPlatforms) = postSolution
		{40113EE9-8BA1-415A-8581-533BE7395C47}.Debug|Any CPU.ActiveCfg = Debug|Any CPU
		{40113EE9-8BA1-415A-8581-533BE7395C47}.Debug|Any CPU.Build.0 = Debug|Any CPU
		{40113EE9-8BA1-415A-8581-533BE7395C47}.Release|Any CPU.ActiveCfg = Release|Any CPU
		{40113EE9-8BA1-415A-8581-533BE7395C47}.Release|Any CPU.Build.0 = Release|Any CPU
		{98A88C29-B0CB-438D-8B35-75B57DA66343}.Debug|Any CPU.ActiveCfg = Debug|Any CPU
		{98A88C29-B0CB-438D-8B35-75B57DA66343}.Debug|Any CPU.Build.0 = Debug|Any CPU
		{98A88C29-B0CB-438D-8B35-75B57DA66343}.Release|Any CPU.ActiveCfg = Release|Any CPU
		{98A88C29-B0CB-438D-8B35-75B57DA66343}.Release|Any CPU.Build.0 = Release|Any CPU
		{A67FD77C-9260-43BC-AF5C-034C2E08BDBC}.Debug|Any CPU.ActiveCfg = Debug|Any CPU
		{A67FD77C-9260-43BC-AF5C-034C2E08BDBC}.Debug|Any CPU.Build.0 = Debug|Any CPU
		{A67FD77C-9260-43BC-AF5C-034C2E08BDBC}.Release|Any CPU.ActiveCfg = Release|Any CPU
		{A67FD77C-9260-43BC-AF5C-034C2E08BDBC}.Release|Any CPU.Build.0 = Release|Any CPU
		{1B847DE1-0C20-45A6-91C2-F0681CD2196F}.Debug|Any CPU.ActiveCfg = Debug|Any CPU
		{1B847DE1-0C20-45A6-91C2-F0681CD2196F}.Debug|Any CPU.Build.0 = Debug|Any CPU
		{1B847DE1-0C20-45A6-91C2-F0681CD2196F}.Release|Any CPU.ActiveCfg = Release|Any CPU
		{1B847DE1-0C20-45A6-91C2-F0681CD2196F}.Release|Any CPU.Build.0 = Release|Any CPU
		{2CA5084D-3F8C-47A3-8DF1-479ACEABBC9F}.Debug|Any CPU.ActiveCfg = Debug|Any CPU
		{2CA5084D-3F8C-47A3-8DF1-479ACEABBC9F}.Debug|Any CPU.Build.0 = Debug|Any CPU
		{2CA5084D-3F8C-47A3-8DF1-479ACEABBC9F}.Release|Any CPU.ActiveCfg = Release|Any CPU
		{2CA5084D-3F8C-47A3-8DF1-479ACEABBC9F}.Release|Any CPU.Build.0 = Release|Any CPU
		{5627ACB5-2F84-4FE3-A87E-F50F0AFC2C98}.Debug|Any CPU.ActiveCfg = Debug|Any CPU
		{5627ACB5-2F84-4FE3-A87E-F50F0AFC2C98}.Debug|Any CPU.Build.0 = Debug|Any CPU
		{5627ACB5-2F84-4FE3-A87E-F50F0AFC2C98}.Release|Any CPU.ActiveCfg = Release|Any CPU
		{5627ACB5-2F84-4FE3-A87E-F50F0AFC2C98}.Release|Any CPU.Build.0 = Release|Any CPU
	EndGlobalSection
	GlobalSection(SolutionProperties) = preSolution
		HideSolutionNode = FALSE
	EndGlobalSection
	GlobalSection(ExtensibilityGlobals) = postSolution
		SolutionGuid = {791E85FD-BBF9-4ACE-B5E7-38BF272FE0DE}
	EndGlobalSection
EndGlobal
